
Microsoft Visual Studio Solution File, Format Version 12.00
# Visual Studio Version 17
VisualStudioVersion = 17.0.32014.148
MinimumVisualStudioVersion = 10.0.40219.1
Project("{2150E333-8FDC-42A3-9474-1A3956D46DE8}") = "src", "src", "{D79A7A23-84DA-499D-B24C-8D379224841F}"
EndProject
Project("{9A19103F-16F7-4668-BE54-9A1E7A4F7556}") = "Bicep.Extensions.Cli", "src\Bicep.Extensions.Cli\Bicep.Extensions.Cli.csproj", "{188D323F-FCD1-4FEB-874B-CC935AC5D32E}"
EndProject
Project("{9A19103F-16F7-4668-BE54-9A1E7A4F7556}") = "Bicep.Extensions.Core", "src\Bicep.Extensions.Core\Bicep.Extensions.Core.csproj", "{0AA99752-AD0C-4D8F-9BB4-BE657603903F}"
EndProject
Project("{9A19103F-16F7-4668-BE54-9A1E7A4F7556}") = "Bicep.Extensions.Application", "src\Bicep.Extensions.Application\Bicep.Extensions.Application.csproj", "{785EA953-40CC-42AB-9B34-30916E0A413C}"
EndProject
Project("{2150E333-8FDC-42A3-9474-1A3956D46DE8}") = "Solution Items", "Solution Items", "{366CDB92-3F8D-477A-93F6-8E6B27E2D6F4}"
	ProjectSection(SolutionItems) = preProject
		.gitignore = .gitignore
	EndProjectSection
EndProject
Global
	GlobalSection(SolutionConfigurationPlatforms) = preSolution
		Debug|Any CPU = Debug|Any CPU
		Release|Any CPU = Release|Any CPU
	EndGlobalSection
	GlobalSection(ProjectConfigurationPlatforms) = postSolution
		{188D323F-FCD1-4FEB-874B-CC935AC5D32E}.Debug|Any CPU.ActiveCfg = Debug|Any CPU
		{188D323F-FCD1-4FEB-874B-CC935AC5D32E}.Debug|Any CPU.Build.0 = Debug|Any CPU
		{188D323F-FCD1-4FEB-874B-CC935AC5D32E}.Release|Any CPU.ActiveCfg = Release|Any CPU
		{188D323F-FCD1-4FEB-874B-CC935AC5D32E}.Release|Any CPU.Build.0 = Release|Any CPU
		{0AA99752-AD0C-4D8F-9BB4-BE657603903F}.Debug|Any CPU.ActiveCfg = Debug|Any CPU
		{0AA99752-AD0C-4D8F-9BB4-BE657603903F}.Debug|Any CPU.Build.0 = Debug|Any CPU
		{0AA99752-AD0C-4D8F-9BB4-BE657603903F}.Release|Any CPU.ActiveCfg = Release|Any CPU
		{0AA99752-AD0C-4D8F-9BB4-BE657603903F}.Release|Any CPU.Build.0 = Release|Any CPU
		{785EA953-40CC-42AB-9B34-30916E0A413C}.Debug|Any CPU.ActiveCfg = Debug|Any CPU
		{785EA953-40CC-42AB-9B34-30916E0A413C}.Debug|Any CPU.Build.0 = Debug|Any CPU
		{785EA953-40CC-42AB-9B34-30916E0A413C}.Release|Any CPU.ActiveCfg = Release|Any CPU
		{785EA953-40CC-42AB-9B34-30916E0A413C}.Release|Any CPU.Build.0 = Release|Any CPU
	EndGlobalSection
	GlobalSection(SolutionProperties) = preSolution
		HideSolutionNode = FALSE
	EndGlobalSection
	GlobalSection(NestedProjects) = preSolution
		{188D323F-FCD1-4FEB-874B-CC935AC5D32E} = {D79A7A23-84DA-499D-B24C-8D379224841F}
		{0AA99752-AD0C-4D8F-9BB4-BE657603903F} = {D79A7A23-84DA-499D-B24C-8D379224841F}
		{785EA953-40CC-42AB-9B34-30916E0A413C} = {D79A7A23-84DA-499D-B24C-8D379224841F}
	EndGlobalSection
	GlobalSection(ExtensibilityGlobals) = postSolution
		SolutionGuid = {E1EF00C8-E3EA-4066-8D94-2145FAB2E415}
	EndGlobalSection
EndGlobal
